# This file is automatically @generated by Cargo.
# It is not intended for manual editing.
[[package]]
name = "ahash"
version = "0.2.19"
source = "registry+https://github.com/rust-lang/crates.io-index"
checksum = "29661b60bec623f0586702976ff4d0c9942dcb6723161c2df0eea78455cfedfb"
dependencies = [
 "const-random",
]

[[package]]
name = "approx"
version = "0.3.2"
source = "registry+https://github.com/rust-lang/crates.io-index"
checksum = "f0e60b75072ecd4168020818c0107f2857bb6c4e64252d8d3983f6263b40a5c3"
dependencies = [
 "num-traits",
]

[[package]]
name = "arrayvec"
version = "0.4.10"
source = "registry+https://github.com/rust-lang/crates.io-index"
checksum = "92c7fb76bc8826a8b33b4ee5bb07a247a81e76764ab4d55e8f73e3a4d8808c71"
dependencies = [
 "nodrop",
]

[[package]]
name = "atom"
version = "0.3.5"
source = "registry+https://github.com/rust-lang/crates.io-index"
checksum = "3c86699c3f02778ec07158376991c8f783dd1f2f95c579ffaf0738dc984b2fe2"

[[package]]
name = "atty"
version = "0.2.14"
source = "registry+https://github.com/rust-lang/crates.io-index"
checksum = "d9b39be18770d11421cdb1b9947a45dd3f37e93092cbf377614828a319d5fee8"
dependencies = [
 "hermit-abi",
 "libc",
 "winapi",
]

[[package]]
name = "autocfg"
version = "0.1.7"
source = "registry+https://github.com/rust-lang/crates.io-index"
checksum = "1d49d90015b3c36167a20fe2810c5cd875ad504b39cff3d4eae7977e6b7c1cb2"

[[package]]
name = "autocfg"
version = "1.0.0"
source = "registry+https://github.com/rust-lang/crates.io-index"
checksum = "f8aac770f1885fd7e387acedd76065302551364496e46b3dd00860b2f8359b9d"

[[package]]
name = "base64"
version = "0.13.0"
source = "registry+https://github.com/rust-lang/crates.io-index"
checksum = "904dfeac50f3cdaba28fc6f57fdcddb75f49ed61346676a78c4ffe55877802fd"

[[package]]
name = "bitflags"
version = "1.0.4"
source = "registry+https://github.com/rust-lang/crates.io-index"
checksum = "228047a76f468627ca71776ecdebd732a3423081fcf5125585bcd7c49886ce12"

[[package]]
name = "byteorder"
version = "1.3.1"
source = "registry+https://github.com/rust-lang/crates.io-index"
checksum = "a019b10a2a7cdeb292db131fc8113e57ea2a908f6e7894b0c3c671893b65dbeb"

[[package]]
name = "c2-chacha"
version = "0.2.3"
source = "registry+https://github.com/rust-lang/crates.io-index"
checksum = "214238caa1bf3a496ec3392968969cab8549f96ff30652c9e56885329315f6bb"
dependencies = [
 "ppv-lite86",
]

[[package]]
name = "caves"
version = "0.1.0"
dependencies = [
 "base64",
 "colored",
 "component_group",
 "lazy_static",
 "rand 0.7.3",
 "rayon",
 "rusttype",
 "sdl2",
 "shred 0.7.1",
 "shred-derive",
 "specs 0.15.0",
 "specs-derive",
]

[[package]]
name = "cfg-if"
version = "0.1.7"
source = "registry+https://github.com/rust-lang/crates.io-index"
checksum = "11d43355396e872eefb45ce6342e4374ed7bc2b3a502d1b28e36d6e23c05d1f4"

[[package]]
name = "cfg-if"
version = "1.0.0"
source = "registry+https://github.com/rust-lang/crates.io-index"
checksum = "baf1de4339761588bc0619e3cbc0120ee582ebb74b53b4efbf79117bd2da40fd"

[[package]]
name = "cloudabi"
version = "0.0.3"
source = "registry+https://github.com/rust-lang/crates.io-index"
checksum = "ddfc5b9aa5d4507acaf872de71051dfd0e309860e88966e1051e462a077aac4f"
dependencies = [
 "bitflags",
]

[[package]]
name = "colored"
version = "2.0.0"
source = "registry+https://github.com/rust-lang/crates.io-index"
checksum = "b3616f750b84d8f0de8a58bda93e08e2a81ad3f523089b05f1dffecab48c6cbd"
dependencies = [
 "atty",
 "lazy_static",
 "winapi",
]

[[package]]
name = "component_group"
version = "1.0.0"
source = "registry+https://github.com/rust-lang/crates.io-index"
checksum = "cf19f4ac7004d65e8f01d9504ec474ee2b1b04c015c901e4af724ba5d47ba2a1"
dependencies = [
 "component_group_derive",
 "specs 0.14.3",
]

[[package]]
name = "component_group_derive"
version = "1.0.0"
source = "registry+https://github.com/rust-lang/crates.io-index"
checksum = "cabb66cebac9dd90b0a755b3c4659a659b82dd0a7e6bfc0786d4cca94b86b47e"
dependencies = [
 "proc-macro2 0.4.27",
 "quote 0.6.11",
 "syn 0.15.29",
]

[[package]]
name = "const-random"
version = "0.1.13"
source = "registry+https://github.com/rust-lang/crates.io-index"
checksum = "f590d95d011aa80b063ffe3253422ed5aa462af4e9867d43ce8337562bac77c4"
dependencies = [
 "const-random-macro",
 "proc-macro-hack",
]

[[package]]
name = "const-random-macro"
version = "0.1.13"
source = "registry+https://github.com/rust-lang/crates.io-index"
checksum = "615f6e27d000a2bffbc7f2f6a8669179378fa27ee4d0a509e985dfc0a7defb40"
dependencies = [
 "getrandom 0.2.1",
 "lazy_static",
 "proc-macro-hack",
 "tiny-keccak",
]

[[package]]
name = "const_fn"
version = "0.4.5"
source = "registry+https://github.com/rust-lang/crates.io-index"
checksum = "28b9d6de7f49e22cf97ad17fc4036ece69300032f45f78f30b4a4482cdc3f4a6"

[[package]]
name = "crossbeam"
version = "0.4.1"
source = "registry+https://github.com/rust-lang/crates.io-index"
checksum = "d7408247b1b87f480890f28b670c5f8d9a8a4274833433fe74dc0dfd46d33650"
dependencies = [
 "crossbeam-channel 0.2.6",
 "crossbeam-deque 0.5.2",
 "crossbeam-epoch 0.5.2",
 "crossbeam-utils 0.5.0",
]

[[package]]
name = "crossbeam-channel"
version = "0.2.6"
source = "registry+https://github.com/rust-lang/crates.io-index"
checksum = "7b85741761b7f160bc5e7e0c14986ef685b7f8bf9b7ad081c60c604bb4649827"
dependencies = [
 "crossbeam-epoch 0.6.1",
 "crossbeam-utils 0.5.0",
 "parking_lot 0.6.4",
 "rand 0.5.6",
 "smallvec",
]

[[package]]
name = "crossbeam-channel"
version = "0.5.0"
source = "registry+https://github.com/rust-lang/crates.io-index"
checksum = "dca26ee1f8d361640700bde38b2c37d8c22b3ce2d360e1fc1c74ea4b0aa7d775"
dependencies = [
 "cfg-if 1.0.0",
 "crossbeam-utils 0.8.1",
]

[[package]]
name = "crossbeam-deque"
version = "0.5.2"
source = "registry+https://github.com/rust-lang/crates.io-index"
checksum = "7792c4a9b5a4222f654e3728a3dd945aacc24d2c3a1a096ed265d80e4929cb9a"
dependencies = [
 "crossbeam-epoch 0.5.2",
 "crossbeam-utils 0.5.0",
]

[[package]]
name = "crossbeam-deque"
version = "0.8.0"
source = "registry+https://github.com/rust-lang/crates.io-index"
checksum = "94af6efb46fef72616855b036a624cf27ba656ffc9be1b9a3c931cfc7749a9a9"
dependencies = [
 "cfg-if 1.0.0",
 "crossbeam-epoch 0.9.1",
 "crossbeam-utils 0.8.1",
]

[[package]]
name = "crossbeam-epoch"
version = "0.5.2"
source = "registry+https://github.com/rust-lang/crates.io-index"
checksum = "30fecfcac6abfef8771151f8be4abc9e4edc112c2bcb233314cafde2680536e9"
dependencies = [
 "arrayvec",
 "cfg-if 0.1.7",
 "crossbeam-utils 0.5.0",
 "lazy_static",
 "memoffset 0.2.1",
 "scopeguard 0.3.3",
]

[[package]]
name = "crossbeam-epoch"
version = "0.6.1"
source = "registry+https://github.com/rust-lang/crates.io-index"
checksum = "2449aaa4ec7ef96e5fb24db16024b935df718e9ae1cec0a1e68feeca2efca7b8"
dependencies = [
 "arrayvec",
 "cfg-if 0.1.7",
 "crossbeam-utils 0.6.5",
 "lazy_static",
 "memoffset 0.2.1",
 "scopeguard 0.3.3",
]

[[package]]
name = "crossbeam-epoch"
version = "0.9.1"
source = "registry+https://github.com/rust-lang/crates.io-index"
checksum = "a1aaa739f95311c2c7887a76863f500026092fb1dce0161dab577e559ef3569d"
dependencies = [
 "cfg-if 1.0.0",
 "const_fn",
 "crossbeam-utils 0.8.1",
 "lazy_static",
 "memoffset 0.6.1",
 "scopeguard 1.1.0",
]

[[package]]
name = "crossbeam-queue"
version = "0.1.2"
source = "registry+https://github.com/rust-lang/crates.io-index"
checksum = "7c979cd6cfe72335896575c6b5688da489e420d36a27a0b9eb0c73db574b4a4b"
dependencies = [
 "crossbeam-utils 0.6.5",
]

[[package]]
name = "crossbeam-utils"
version = "0.5.0"
source = "registry+https://github.com/rust-lang/crates.io-index"
checksum = "677d453a17e8bd2b913fa38e8b9cf04bcdbb5be790aa294f2389661d72036015"

[[package]]
name = "crossbeam-utils"
version = "0.6.5"
source = "registry+https://github.com/rust-lang/crates.io-index"
checksum = "f8306fcef4a7b563b76b7dd949ca48f52bc1141aa067d2ea09565f3e2652aa5c"
dependencies = [
 "cfg-if 0.1.7",
 "lazy_static",
]

[[package]]
name = "crossbeam-utils"
version = "0.8.1"
source = "registry+https://github.com/rust-lang/crates.io-index"
checksum = "02d96d1e189ef58269ebe5b97953da3274d83a93af647c2ddd6f9dab28cedb8d"
dependencies = [
 "autocfg 1.0.0",
 "cfg-if 1.0.0",
 "lazy_static",
]

[[package]]
name = "crunchy"
version = "0.2.2"
source = "registry+https://github.com/rust-lang/crates.io-index"
checksum = "7a81dae078cea95a014a339291cec439d2f232ebe854a9d672b796c6afafa9b7"

[[package]]
name = "derivative"
version = "1.0.2"
source = "registry+https://github.com/rust-lang/crates.io-index"
checksum = "6073e9676dbebdddeabaeb63e3b7cefd23c86f5c41d381ee1237cc77b1079898"
dependencies = [
 "proc-macro2 0.4.27",
 "quote 0.6.11",
 "syn 0.15.29",
]

[[package]]
name = "either"
version = "1.5.1"
source = "registry+https://github.com/rust-lang/crates.io-index"
checksum = "c67353c641dc847124ea1902d69bd753dee9bb3beff9aa3662ecf86c971d1fac"

[[package]]
name = "fnv"
version = "1.0.6"
source = "registry+https://github.com/rust-lang/crates.io-index"
checksum = "2fad85553e09a6f881f739c29f0b00b0f01357c743266d478b68951ce23285f3"

[[package]]
name = "fuchsia-cprng"
version = "0.1.1"
source = "registry+https://github.com/rust-lang/crates.io-index"
checksum = "a06f77d526c1a601b7c4cdd98f54b5eaabffc14d5f2f0296febdc7f357c6d3ba"

[[package]]
name = "fxhash"
version = "0.2.1"
source = "registry+https://github.com/rust-lang/crates.io-index"
checksum = "c31b6d751ae2c7f11320402d34e41349dd1016f8d5d45e48c4312bc8625af50c"
dependencies = [
 "byteorder",
]

[[package]]
name = "getrandom"
version = "0.1.14"
source = "registry+https://github.com/rust-lang/crates.io-index"
checksum = "7abc8dd8451921606d809ba32e95b6111925cd2906060d2dcc29c070220503eb"
dependencies = [
 "cfg-if 0.1.7",
 "libc",
 "wasi 0.9.0+wasi-snapshot-preview1",
]

[[package]]
name = "getrandom"
version = "0.2.1"
source = "registry+https://github.com/rust-lang/crates.io-index"
checksum = "4060f4657be78b8e766215b02b18a2e862d83745545de804638e2b545e81aee6"
dependencies = [
 "cfg-if 1.0.0",
 "libc",
 "wasi 0.10.0+wasi-snapshot-preview1",
]

[[package]]
name = "hashbrown"
version = "0.5.0"
source = "registry+https://github.com/rust-lang/crates.io-index"
checksum = "e1de41fb8dba9714efd92241565cdff73f78508c95697dd56787d3cba27e2353"

[[package]]
name = "hashbrown"
version = "0.6.3"
source = "registry+https://github.com/rust-lang/crates.io-index"
checksum = "8e6073d0ca812575946eb5f35ff68dbe519907b25c42530389ff946dc84c6ead"
dependencies = [
 "ahash",
 "autocfg 0.1.7",
]

[[package]]
name = "hermit-abi"
version = "0.1.15"
source = "registry+https://github.com/rust-lang/crates.io-index"
checksum = "3deed196b6e7f9e44a2ae8d94225d80302d81208b1bb673fd21fe634645c85a9"
dependencies = [
 "libc",
]

[[package]]
name = "hibitset"
version = "0.5.4"
source = "registry+https://github.com/rust-lang/crates.io-index"
checksum = "6527bc88f32e0d3926c7572874b2bf17a19b36978aacd0aacf75f7d27a5992d0"
dependencies = [
 "atom",
 "rayon",
]

[[package]]
name = "hibitset"
version = "0.6.3"
source = "registry+https://github.com/rust-lang/crates.io-index"
checksum = "93a1bb8316a44459a7d14253c4d28dd7395cbd23cc04a68c46e851b8e46d64b1"
dependencies = [
 "atom",
 "rayon",
]

[[package]]
name = "lazy_static"
version = "1.4.0"
source = "registry+https://github.com/rust-lang/crates.io-index"
checksum = "e2abad23fbc42b3700f2f279844dc832adb2b2eb069b2df918f455c4e18cc646"

[[package]]
name = "libc"
version = "0.2.66"
source = "registry+https://github.com/rust-lang/crates.io-index"
checksum = "d515b1f41455adea1313a4a2ac8a8a477634fbae63cc6100e3aebb207ce61558"

[[package]]
name = "lock_api"
version = "0.1.5"
source = "registry+https://github.com/rust-lang/crates.io-index"
checksum = "62ebf1391f6acad60e5c8b43706dde4582df75c06698ab44511d15016bc2442c"
dependencies = [
 "owning_ref 0.4.0",
 "scopeguard 0.3.3",
]

[[package]]
name = "log"
version = "0.4.6"
source = "registry+https://github.com/rust-lang/crates.io-index"
checksum = "c84ec4b527950aa83a329754b01dbe3f58361d1c5efacd1f6d68c494d08a17c6"
dependencies = [
 "cfg-if 0.1.7",
]

[[package]]
name = "memoffset"
version = "0.2.1"
source = "registry+https://github.com/rust-lang/crates.io-index"
checksum = "0f9dc261e2b62d7a622bf416ea3c5245cdd5d9a7fcc428c0d06804dfce1775b3"

[[package]]
name = "memoffset"
version = "0.6.1"
source = "registry+https://github.com/rust-lang/crates.io-index"
checksum = "157b4208e3059a8f9e78d559edc658e13df41410cb3ae03979c83130067fdd87"
dependencies = [
 "autocfg 1.0.0",
]

[[package]]
name = "mopa"
version = "0.2.2"
source = "registry+https://github.com/rust-lang/crates.io-index"
checksum = "a785740271256c230f57462d3b83e52f998433a7062fc18f96d5999474a9f915"

[[package]]
name = "nodrop"
version = "0.1.13"
source = "registry+https://github.com/rust-lang/crates.io-index"
checksum = "2f9667ddcc6cc8a43afc9b7917599d7216aa09c463919ea32c59ed6cac8bc945"

[[package]]
name = "nonzero_signed"
version = "1.0.3"
source = "registry+https://github.com/rust-lang/crates.io-index"
checksum = "02783a0482333b0d3f5f5411b8fb60454a596696da041da0470ac9ef3e6e37d8"

[[package]]
name = "num-traits"
version = "0.2.6"
source = "registry+https://github.com/rust-lang/crates.io-index"
checksum = "0b3a5d7cc97d6d30d8b9bc8fa19bf45349ffe46241e8816f50f62f6d6aaabee1"

[[package]]
name = "num_cpus"
version = "1.10.0"
source = "registry+https://github.com/rust-lang/crates.io-index"
checksum = "1a23f0ed30a54abaa0c7e83b1d2d87ada7c3c23078d1d87815af3e3b6385fbba"
dependencies = [
 "libc",
]

[[package]]
name = "ordered-float"
version = "1.0.2"
source = "registry+https://github.com/rust-lang/crates.io-index"
checksum = "18869315e81473c951eb56ad5558bbc56978562d3ecfb87abb7a1e944cea4518"
dependencies = [
 "num-traits",
]

[[package]]
name = "owning_ref"
version = "0.3.3"
source = "registry+https://github.com/rust-lang/crates.io-index"
checksum = "cdf84f41639e037b484f93433aa3897863b561ed65c6e59c7073d7c561710f37"
dependencies = [
 "stable_deref_trait",
]

[[package]]
name = "owning_ref"
version = "0.4.0"
source = "registry+https://github.com/rust-lang/crates.io-index"
checksum = "49a4b8ea2179e6a2e27411d3bca09ca6dd630821cf6894c6c7c8467a8ee7ef13"
dependencies = [
 "stable_deref_trait",
]

[[package]]
name = "parking_lot"
version = "0.5.5"
source = "registry+https://github.com/rust-lang/crates.io-index"
checksum = "d4d05f1349491390b1730afba60bb20d55761bef489a954546b58b4b34e1e2ac"
dependencies = [
 "owning_ref 0.3.3",
 "parking_lot_core 0.2.14",
]

[[package]]
name = "parking_lot"
version = "0.6.4"
source = "registry+https://github.com/rust-lang/crates.io-index"
checksum = "f0802bff09003b291ba756dc7e79313e51cc31667e94afbe847def490424cde5"
dependencies = [
 "lock_api",
 "parking_lot_core 0.3.1",
]

[[package]]
name = "parking_lot_core"
version = "0.2.14"
source = "registry+https://github.com/rust-lang/crates.io-index"
checksum = "4db1a8ccf734a7bce794cc19b3df06ed87ab2f3907036b693c68f56b4d4537fa"
dependencies = [
 "libc",
 "rand 0.4.6",
 "smallvec",
 "winapi",
]

[[package]]
name = "parking_lot_core"
version = "0.3.1"
source = "registry+https://github.com/rust-lang/crates.io-index"
checksum = "ad7f7e6ebdc79edff6fdcb87a55b620174f7a989e3eb31b65231f4af57f00b8c"
dependencies = [
 "libc",
 "rand 0.5.6",
 "rustc_version",
 "smallvec",
 "winapi",
]

[[package]]
name = "ppv-lite86"
version = "0.2.6"
source = "registry+https://github.com/rust-lang/crates.io-index"
checksum = "74490b50b9fbe561ac330df47c08f3f33073d2d00c150f719147d7c54522fa1b"

[[package]]
name = "proc-macro-hack"
version = "0.5.19"
source = "registry+https://github.com/rust-lang/crates.io-index"
checksum = "dbf0c48bc1d91375ae5c3cd81e3722dff1abcf81a30960240640d223f59fe0e5"

[[package]]
name = "proc-macro2"
version = "0.4.27"
source = "registry+https://github.com/rust-lang/crates.io-index"
checksum = "4d317f9caece796be1980837fd5cb3dfec5613ebdb04ad0956deea83ce168915"
dependencies = [
 "unicode-xid 0.1.0",
]

[[package]]
name = "proc-macro2"
version = "1.0.8"
source = "registry+https://github.com/rust-lang/crates.io-index"
checksum = "3acb317c6ff86a4e579dfa00fc5e6cca91ecbb4e7eb2df0468805b674eb88548"
dependencies = [
 "unicode-xid 0.2.0",
]

[[package]]
name = "quote"
version = "0.6.11"
source = "registry+https://github.com/rust-lang/crates.io-index"
checksum = "cdd8e04bd9c52e0342b406469d494fcb033be4bdbe5c606016defbb1681411e1"
dependencies = [
 "proc-macro2 0.4.27",
]

[[package]]
name = "quote"
version = "1.0.2"
source = "registry+https://github.com/rust-lang/crates.io-index"
checksum = "053a8c8bcc71fcce321828dc897a98ab9760bef03a4fc36693c231e5b3216cfe"
dependencies = [
 "proc-macro2 1.0.8",
]

[[package]]
name = "rand"
version = "0.4.6"
source = "registry+https://github.com/rust-lang/crates.io-index"
checksum = "552840b97013b1a26992c11eac34bdd778e464601a4c2054b5f0bff7c6761293"
dependencies = [
 "fuchsia-cprng",
 "libc",
 "rand_core 0.3.1",
 "rdrand",
 "winapi",
]

[[package]]
name = "rand"
version = "0.5.6"
source = "registry+https://github.com/rust-lang/crates.io-index"
checksum = "c618c47cd3ebd209790115ab837de41425723956ad3ce2e6a7f09890947cacb9"
dependencies = [
 "cloudabi",
 "fuchsia-cprng",
 "libc",
 "rand_core 0.3.1",
 "winapi",
]

[[package]]
name = "rand"
version = "0.7.3"
source = "registry+https://github.com/rust-lang/crates.io-index"
checksum = "6a6b1679d49b24bbfe0c803429aa1874472f50d9b363131f0e89fc356b544d03"
dependencies = [
 "getrandom 0.1.14",
 "libc",
 "rand_chacha",
 "rand_core 0.5.1",
 "rand_hc",
]

[[package]]
name = "rand_chacha"
version = "0.2.1"
source = "registry+https://github.com/rust-lang/crates.io-index"
checksum = "03a2a90da8c7523f554344f921aa97283eadf6ac484a6d2a7d0212fa7f8d6853"
dependencies = [
 "c2-chacha",
 "rand_core 0.5.1",
]

[[package]]
name = "rand_core"
version = "0.3.1"
source = "registry+https://github.com/rust-lang/crates.io-index"
checksum = "7a6fdeb83b075e8266dcc8762c22776f6877a63111121f5f8c7411e5be7eed4b"
dependencies = [
 "rand_core 0.4.0",
]

[[package]]
name = "rand_core"
version = "0.4.0"
source = "registry+https://github.com/rust-lang/crates.io-index"
checksum = "d0e7a549d590831370895ab7ba4ea0c1b6b011d106b5ff2da6eee112615e6dc0"

[[package]]
name = "rand_core"
version = "0.5.1"
source = "registry+https://github.com/rust-lang/crates.io-index"
checksum = "90bde5296fc891b0cef12a6d03ddccc162ce7b2aff54160af9338f8d40df6d19"
dependencies = [
 "getrandom 0.1.14",
]

[[package]]
name = "rand_hc"
version = "0.2.0"
source = "registry+https://github.com/rust-lang/crates.io-index"
checksum = "ca3129af7b92a17112d59ad498c6f81eaf463253766b90396d39ea7a39d6613c"
dependencies = [
 "rand_core 0.5.1",
]

[[package]]
name = "rayon"
version = "1.5.0"
source = "registry+https://github.com/rust-lang/crates.io-index"
checksum = "8b0d8e0819fadc20c74ea8373106ead0600e3a67ef1fe8da56e39b9ae7275674"
dependencies = [
 "autocfg 1.0.0",
 "crossbeam-deque 0.8.0",
 "either",
 "rayon-core",
]

[[package]]
name = "rayon-core"
version = "1.9.0"
source = "registry+https://github.com/rust-lang/crates.io-index"
checksum = "9ab346ac5921dc62ffa9f89b7a773907511cdfa5490c572ae9be1be33e8afa4a"
dependencies = [
 "crossbeam-channel 0.5.0",
 "crossbeam-deque 0.8.0",
 "crossbeam-utils 0.8.1",
 "lazy_static",
 "num_cpus",
]

[[package]]
name = "rdrand"
version = "0.4.0"
source = "registry+https://github.com/rust-lang/crates.io-index"
checksum = "678054eb77286b51581ba43620cc911abf02758c91f93f479767aed0f90458b2"
dependencies = [
 "rand_core 0.3.1",
]

[[package]]
name = "rustc_version"
version = "0.2.3"
source = "registry+https://github.com/rust-lang/crates.io-index"
checksum = "138e3e0acb6c9fb258b19b67cb8abd63c00679d2851805ea151465464fe9030a"
dependencies = [
 "semver",
]

[[package]]
name = "rusttype"
version = "0.7.7"
source = "registry+https://github.com/rust-lang/crates.io-index"
checksum = "654103d61a05074b268a107cf6581ce120f0fc0115f2610ed9dfea363bb81139"
dependencies = [
 "approx",
 "arrayvec",
 "ordered-float",
 "stb_truetype",
]

[[package]]
name = "scopeguard"
version = "0.3.3"
source = "registry+https://github.com/rust-lang/crates.io-index"
checksum = "94258f53601af11e6a49f722422f6e3425c52b06245a5cf9bc09908b174f5e27"

[[package]]
name = "scopeguard"
version = "1.1.0"
source = "registry+https://github.com/rust-lang/crates.io-index"
checksum = "d29ab0c6d3fc0ee92fe66e2d99f700eab17a8d57d1c1d3b748380fb20baa78cd"

[[package]]
name = "sdl2"
version = "0.34.3"
source = "registry+https://github.com/rust-lang/crates.io-index"
checksum = "fcbb85f4211627a7291c83434d6bbfa723e28dcaa53c7606087e3c61929e4b9c"
dependencies = [
 "bitflags",
 "lazy_static",
 "libc",
 "sdl2-sys",
]

[[package]]
name = "sdl2-sys"
version = "0.34.2"
source = "registry+https://github.com/rust-lang/crates.io-index"
checksum = "3ed17d6d46b62b7df12134513bcc4f071268963e8c9bc8bf7ad983fbfb2bc3cc"
dependencies = [
 "cfg-if 0.1.7",
 "libc",
 "version-compare",
]

[[package]]
name = "semver"
version = "0.9.0"
source = "registry+https://github.com/rust-lang/crates.io-index"
checksum = "1d7eb9ef2c18661902cc47e535f9bc51b78acd254da71d375c2f6720d9a40403"
dependencies = [
 "semver-parser",
]

[[package]]
name = "semver-parser"
version = "0.7.0"
source = "registry+https://github.com/rust-lang/crates.io-index"
checksum = "388a1df253eca08550bef6c72392cfe7c30914bf41df5269b68cbd6ff8f570a3"

[[package]]
name = "shred"
version = "0.7.1"
source = "registry+https://github.com/rust-lang/crates.io-index"
checksum = "8c75ec29e8d2959ad96a1087fe4cadb926c6fc17cbae9812314fa8efe720aa2a"
dependencies = [
 "arrayvec",
 "fxhash",
 "mopa",
 "rayon",
 "smallvec",
]

[[package]]
name = "shred"
version = "0.9.4"
source = "registry+https://github.com/rust-lang/crates.io-index"
checksum = "92472b9bafafbcba21935c6444d924e5332742f6778c49504a49a97eaeff6ccc"
dependencies = [
 "arrayvec",
 "hashbrown 0.6.3",
 "mopa",
 "rayon",
 "smallvec",
]

[[package]]
name = "shred-derive"
version = "0.5.1"
source = "registry+https://github.com/rust-lang/crates.io-index"
checksum = "9fcf34e5e5302d3024aba7afc291f6d1ca7573ed035d3c0796976ba3f10691a1"
dependencies = [
 "proc-macro2 0.4.27",
 "quote 0.6.11",
 "syn 0.15.29",
]

[[package]]
name = "shrev"
version = "1.0.1"
source = "registry+https://github.com/rust-lang/crates.io-index"
checksum = "ec60ed6f60a4b3cdc2ceacf57215db3408fbd8990f66a38686a31558cd9da482"
dependencies = [
 "derivative",
 "parking_lot 0.5.5",
]

[[package]]
name = "smallvec"
version = "0.6.10"
source = "registry+https://github.com/rust-lang/crates.io-index"
checksum = "ab606a9c5e214920bb66c458cd7be8ef094f813f20fe77a54cc7dbfff220d4b7"

[[package]]
name = "specs"
version = "0.14.3"
source = "registry+https://github.com/rust-lang/crates.io-index"
checksum = "de65613ada4338aa7ba71eca60eca24c60483433eec0077bc4f33cfc31f4bdf0"
dependencies = [
 "crossbeam",
 "derivative",
 "fnv",
 "hibitset 0.5.4",
 "log",
 "mopa",
 "nonzero_signed",
 "rayon",
 "shred 0.7.1",
 "shred-derive",
 "shrev",
 "tuple_utils 0.2.0",
]

[[package]]
name = "specs"
version = "0.15.0"
source = "registry+https://github.com/rust-lang/crates.io-index"
checksum = "b98b8b33ab3f3e3f352df6cf6830e6d8fc790cbd6a7ff349c14fc25cbd6b1d48"
dependencies = [
 "crossbeam-queue",
 "derivative",
 "hashbrown 0.5.0",
 "hibitset 0.6.3",
 "log",
 "mopa",
 "nonzero_signed",
 "rayon",
 "shred 0.9.4",
 "shrev",
 "tuple_utils 0.3.0",
]

[[package]]
name = "specs-derive"
version = "0.4.1"
source = "registry+https://github.com/rust-lang/crates.io-index"
checksum = "3e23e09360f3d2190fec4222cd9e19d3158d5da948c0d1ea362df617dd103511"
dependencies = [
 "proc-macro2 1.0.8",
 "quote 1.0.2",
 "syn 1.0.14",
]

[[package]]
name = "stable_deref_trait"
version = "1.1.1"
source = "registry+https://github.com/rust-lang/crates.io-index"
checksum = "dba1a27d3efae4351c8051072d619e3ade2820635c3958d826bfea39d59b54c8"

[[package]]
name = "stb_truetype"
version = "0.2.6"
source = "registry+https://github.com/rust-lang/crates.io-index"
checksum = "69b7df505db8e81d54ff8be4693421e5b543e08214bd8d99eb761fcb4d5668ba"
dependencies = [
 "byteorder",
]

[[package]]
name = "syn"
version = "0.15.29"
source = "registry+https://github.com/rust-lang/crates.io-index"
checksum = "1825685f977249735d510a242a6727b46efe914bb67e38d30c071b1b72b1d5c2"
dependencies = [
 "proc-macro2 0.4.27",
 "quote 0.6.11",
 "unicode-xid 0.1.0",
]

[[package]]
name = "syn"
version = "1.0.14"
source = "registry+https://github.com/rust-lang/crates.io-index"
checksum = "af6f3550d8dff9ef7dc34d384ac6f107e5d31c8f57d9f28e0081503f547ac8f5"
dependencies = [
 "proc-macro2 1.0.8",
 "quote 1.0.2",
 "unicode-xid 0.2.0",
]

[[package]]
name = "tiny-keccak"
version = "2.0.2"
source = "registry+https://github.com/rust-lang/crates.io-index"
checksum = "2c9d3793400a45f954c52e73d068316d76b6f4e36977e3fcebb13a2721e80237"
dependencies = [
 "crunchy",
]

[[package]]
name = "tuple_utils"
version = "0.2.0"
source = "registry+https://github.com/rust-lang/crates.io-index"
checksum = "cbfecd7bb8f0a3e96b3b31c46af2677a55a588767c0091f484601424fcb20e7e"

[[package]]
name = "tuple_utils"
version = "0.3.0"
source = "registry+https://github.com/rust-lang/crates.io-index"
checksum = "44834418e2c5b16f47bedf35c28e148db099187dd5feee6367fb2525863af4f1"

[[package]]
name = "unicode-xid"
version = "0.1.0"
source = "registry+https://github.com/rust-lang/crates.io-index"
checksum = "fc72304796d0818e357ead4e000d19c9c174ab23dc11093ac919054d20a6a7fc"

[[package]]
name = "unicode-xid"
version = "0.2.0"
source = "registry+https://github.com/rust-lang/crates.io-index"
checksum = "826e7639553986605ec5979c7dd957c7895e93eabed50ab2ffa7f6128a75097c"

[[package]]
name = "version-compare"
version = "0.0.10"
source = "registry+https://github.com/rust-lang/crates.io-index"
checksum = "d63556a25bae6ea31b52e640d7c41d1ab27faba4ccb600013837a3d0b3994ca1"

[[package]]
name = "wasi"
version = "0.9.0+wasi-snapshot-preview1"
source = "registry+https://github.com/rust-lang/crates.io-index"
checksum = "cccddf32554fecc6acb585f82a32a72e28b48f8c4c1883ddfeeeaa96f7d8e519"

[[package]]
name = "wasi"
version = "0.10.0+wasi-snapshot-preview1"
source = "registry+https://github.com/rust-lang/crates.io-index"
checksum = "1a143597ca7c7793eff794def352d41792a93c481eb1042423ff7ff72ba2c31f"

[[package]]
name = "winapi"
version = "0.3.6"
source = "registry+https://github.com/rust-lang/crates.io-index"
checksum = "92c1eb33641e276cfa214a0522acad57be5c56b10cb348b3c5117db75f3ac4b0"
dependencies = [
 "winapi-i686-pc-windows-gnu",
 "winapi-x86_64-pc-windows-gnu",
]

[[package]]
name = "winapi-i686-pc-windows-gnu"
version = "0.4.0"
source = "registry+https://github.com/rust-lang/crates.io-index"
checksum = "ac3b87c63620426dd9b991e5ce0329eff545bccbbb34f3be09ff6fb6ab51b7b6"

[[package]]
name = "winapi-x86_64-pc-windows-gnu"
version = "0.4.0"
source = "registry+https://github.com/rust-lang/crates.io-index"
checksum = "712e227841d057c1ee1cd2fb22fa7e5a5461ae8e48fa2ca79ec42cfc1931183f"
